lockfileVersion: '9.0'

settings:
  autoInstallPeers: true
  excludeLinksFromLockfile: false

importers:

  .:
    dependencies:
      chess.js:
        specifier: ^1.4.0
        version: 1.4.0
      dotenv:
        specifier: ^17.2.1
        version: 17.2.1

packages:

  chess.js@1.4.0:
    resolution: {integrity: sha512-BBJgrrtKQOzFLonR0l+k64A98NLemPwNsCskwb+29bRwobUa4iTm51E1kwGPbWXAcfdDa18nad6vpPPKPWarqw==}

  dotenv@17.2.1:
    resolution: {integrity: sha512-kQhDYKZecqnM0fCnzI5eIv5L4cAe/iRI+HqMbO/hbRdTAeXDG+M9FjipUxNfbARuEg4iHIbhnhs78BCHNbSxEQ==}
    engines: {node: '>=12'}

snapshots:

  chess.js@1.4.0: {}

  dotenv@17.2.1: {}
